// !$*UTF8*$!
{
	archiveVersion = 1;
	classes = {
	};
	objectVersion = 77;
	objects = {

/* Begin PBXBuildFile section */
		000702032F898F7600EB33EA /* WebCpp.framework in Frameworks */ = {isa = PBXBuildFile; fileRef = 00DF33B92F8988C80034C5DF /* WebCpp.framework */; };
		000702042F898F7600EB33EA /* WebCpp.framework in Embed Frameworks */ = {isa = PBXBuildFile; fileRef = 00DF33B92F8988C80034C5DF /* WebCpp.framework */; settings = {ATTRIBUTES = (CodeSignOnCopy, RemoveHeadersOnCopy, ); }; };
		00DF33A62F8988A20034C5DF /* HighlightedEditorView.framework in Frameworks */ = {isa = PBXBuildFile; fileRef = 00DF339A2F8988A20034C5DF /* HighlightedEditorView.framework */; };
/* End PBXBuildFile section */

/* Begin PBXContainerItemProxy section */
		000702052F898F7600EB33EA /* PBXContainerItemProxy */ = {
			isa = PBXContainerItemProxy;
			containerPortal = 00DF33912F8988A20034C5DF /* Project object */;
			proxyType = 1;
			remoteGlobalIDString = 00DF33B82F8988C80034C5DF;
			remoteInfo = WebCpp;
		};
		00DF33A72F8988A20034C5DF /* PBXContainerItemProxy */ = {
			isa = PBXContainerItemProxy;
			containerPortal = 00DF33912F8988A20034C5DF /* Project object */;
			proxyType = 1;
			remoteGlobalIDString = 00DF33992F8988A20034C5DF;
			remoteInfo = HighlightedEditorView;
		};
/* End PBXContainerItemProxy section */

/* Begin PBXCopyFilesBuildPhase section */
		000702072F898F7600EB33EA /* Embed Frameworks */ = {
			isa = PBXCopyFilesBuildPhase;
			buildActionMask = 2147483647;
			dstPath = "";
			dstSubfolderSpec = 10;
			files = (
				000702042F898F7600EB33EA /* WebCpp.framework in Embed Frameworks */,
			);
			name = "Embed Frameworks";
			runOnlyForDeploymentPostprocessing = 0;
		};
/* End PBXCopyFilesBuildPhase section */

/* Begin PBXFileReference section */
		00DF339A2F8988A20034C5DF /* HighlightedEditorView.framework */ = {isa = PBXFileReference; explicitFileType = wrapper.framework; includeInIndex = 0; path = HighlightedEditorView.framework; sourceTree = BUILT_PRODUCTS_DIR; };
		00DF33A52F8988A20034C5DF /* HighlightedEditorViewTests.xctest */ = {isa = PBXFileReference; explicitFileType = wrapper.cfbundle; includeInIndex = 0; path = HighlightedEditorViewTests.xctest; sourceTree = BUILT_PRODUCTS_DIR; };
		00DF33B92F8988C80034C5DF /* WebCpp.framework */ = {isa = PBXFileReference; explicitFileType = wrapper.framework; includeInIndex = 0; path = WebCpp.framework; sourceTree = BUILT_PRODUCTS_DIR; };
/* End PBXFileReference section */

/* Begin PBXFileSystemSynchronizedBuildFileExceptionSet section */
		000702082F8991B600EB33EA /* Exceptions for "WebCpp" folder in "WebCpp" target */ = {
			isa = PBXFileSystemSynchronizedBuildFileExceptionSet;
			publicHeaders = (
				include/WebCpp.h,
				include/WebCppBridge.h,
			);
			target = 00DF33B82F8988C80034C5DF /* WebCpp */;
		};
/* End PBXFileSystemSynchronizedBuildFileExceptionSet section */

/* Begin PBXFileSystemSynchronizedRootGroup section */
		00DF339C2F8988A20034C5DF /* HighlightedEditorView */ = {
			isa = PBXFileSystemSynchronizedRootGroup;
			path = HighlightedEditorView;
			sourceTree = "<group>";
		};
		00DF33A92F8988A20034C5DF /* HighlightedEditorViewTests */ = {
			isa = PBXFileSystemSynchronizedRootGroup;
			path = HighlightedEditorViewTests;
			sourceTree = "<group>";
		};
		00DF33BA2F8988C80034C5DF /* WebCpp */ = {
			isa = PBXFileSystemSynchronizedRootGroup;
			exceptions = (
				000702082F8991B600EB33EA /* Exceptions for "WebCpp" folder in "WebCpp" target */,
			);
			path = WebCpp;
			sourceTree = "<group>";
		};
/* End PBXFileSystemSynchronizedRootGroup section */

/* Begin PBXFrameworksBuildPhase section */
		00DF33972F8988A20034C5DF /* Frameworks */ = {
			isa = PBXFrameworksBuildPhase;
			buildActionMask = 2147483647;
			files = (
				000702032F898F7600EB33EA /* WebCpp.framework in Frameworks */,
			);
			runOnlyForDeploymentPostprocessing = 0;
		};
		00DF33A22F8988A20034C5DF /* Frameworks */ = {
			isa = PBXFrameworksBuildPhase;
			buildActionMask = 2147483647;
			files = (
				00DF33A62F8988A20034C5DF /* HighlightedEditorView.framework in Frameworks */,
			);
			runOnlyForDeploymentPostprocessing = 0;
		};
		00DF33B62F8988C80034C5DF /* Frameworks */ = {
			isa = PBXFrameworksBuildPhase;
			buildActionMask = 2147483647;
			files = (
			);
			runOnlyForDeploymentPostprocessing = 0;
		};
/* End PBXFrameworksBuildPhase section */

/* Begin PBXGroup section */
		00DF33902F8988A20034C5DF = {
			isa = PBXGroup;
			children = (
				00DF339C2F8988A20034C5DF /* HighlightedEditorView */,
				00DF33A92F8988A20034C5DF /* HighlightedEditorViewTests */,
				00DF33BA2F8988C80034C5DF /* WebCpp */,
				00DF33C32F8989650034C5DF /* Frameworks */,
				00DF339B2F8988A20034C5DF /* Products */,
			);
			sourceTree = "<group>";
		};
		00DF339B2F8988A20034C5DF /* Products */ = {
			isa = PBXGroup;
			children = (
				00DF339A2F8988A20034C5DF /* HighlightedEditorView.framework */,
				00DF33A52F8988A20034C5DF /* HighlightedEditorViewTests.xctest */,
				00DF33B92F8988C80034C5DF /* WebCpp.framework */,
			);
			name = Products;
			sourceTree = "<group>";
		};
		00DF33C32F8989650034C5DF /* Frameworks */ = {
			isa = PBXGroup;
			children = (
			);
			name = Frameworks;
			sourceTree = "<group>";
		};
/* End PBXGroup section */

/* Begin PBXHeadersBuildPhase section */
		00DF33952F8988A20034C5DF /* Headers */ = {
			isa = PBXHeadersBuildPhase;
			buildActionMask = 2147483647;
			files = (
			);
			runOnlyForDeploymentPostprocessing = 0;
		};
		00DF33B42F8988C80034C5DF /* Headers */ = {
			isa = PBXHeadersBuildPhase;
			buildActionMask = 2147483647;
			files = (
			);
			runOnlyForDeploymentPostprocessing = 0;
		};
/* End PBXHeadersBuildPhase section */

/* Begin PBXNativeTarget section */
		00DF33992F8988A20034C5DF /* HighlightedEditorView */ = {
			isa = PBXNativeTarget;
			buildConfigurationList = 00DF33AE2F8988A20034C5DF /* Build configuration list for PBXNativeTarget "HighlightedEditorView" */;
			buildPhases = (
				00DF33952F8988A20034C5DF /* Headers */,
				00DF33962F8988A20034C5DF /* Sources */,
				00DF33972F8988A20034C5DF /* Frameworks */,
				00DF33982F8988A20034C5DF /* Resources */,
				000702072F898F7600EB33EA /* Embed Frameworks */,
			);
			buildRules = (
			);
			dependencies = (
				000702062F898F7600EB33EA /* PBXTargetDependency */,
			);
			fileSystemSynchronizedGroups = (
				00DF339C2F8988A20034C5DF /* HighlightedEditorView */,
			);
			name = HighlightedEditorView;
			packageProductDependencies = (
			);
			productName = HighlightedEditorView;
			productReference = 00DF339A2F8988A20034C5DF /* HighlightedEditorView.framework */;
			productType = "com.apple.product-type.framework";
		};
		00DF33A42F8988A20034C5DF /* HighlightedEditorViewTests */ = {
			isa = PBXNativeTarget;
			buildConfigurationList = 00DF33B12F8988A20034C5DF /* Build configuration list for PBXNativeTarget "HighlightedEditorViewTests" */;
			buildPhases = (
				00DF33A12F8988A20034C5DF /* Sources */,
				00DF33A22F8988A20034C5DF /* Frameworks */,
				00DF33A32F8988A20034C5DF /* Resources */,
			);
			buildRules = (
			);
			dependencies = (
				00DF33A82F8988A20034C5DF /* PBXTargetDependency */,
			);
			fileSystemSynchronizedGroups = (
				00DF33A92F8988A20034C5DF /* HighlightedEditorViewTests */,
			);
			name = HighlightedEditorViewTests;
			packageProductDependencies = (
			);
			productName = HighlightedEditorViewTests;
			productReference = 00DF33A52F8988A20034C5DF /* HighlightedEditorViewTests.xctest */;
			productType = "com.apple.product-type.bundle.unit-test";
		};
		00DF33B82F8988C80034C5DF /* WebCpp */ = {
			isa = PBXNativeTarget;
			buildConfigurationList = 00DF33C02F8988C80034C5DF /* Build configuration list for PBXNativeTarget "WebCpp" */;
			buildPhases = (
				00DF33B42F8988C80034C5DF /* Headers */,
				00DF33B52F8988C80034C5DF /* Sources */,
				00DF33B62F8988C80034C5DF /* Frameworks */,
				00DF33B72F8988C80034C5DF /* Resources */,
			);
			buildRules = (
			);
			dependencies = (
			);
			fileSystemSynchronizedGroups = (
				00DF33BA2F8988C80034C5DF /* WebCpp */,
			);
			name = WebCpp;
			packageProductDependencies = (
			);
			productName = WebCpp;
			productReference = 00DF33B92F8988C80034C5DF /* WebCpp.framework */;
			productType = "com.apple.product-type.framework";
		};
/* End PBXNativeTarget section */

/* Begin PBXProject section */
		00DF33912F8988A20034C5DF /* Project object */ = {
			isa = PBXProject;
			attributes = {
				BuildIndependentTargetsInParallel = 1;
				LastSwiftUpdateCheck = 2640;
				LastUpgradeCheck = 2640;
				TargetAttributes = {
					00DF33992F8988A20034C5DF = {
						CreatedOnToolsVersion = 26.4;
					};
					00DF33A42F8988A20034C5DF = {
						CreatedOnToolsVersion = 26.4;
					};
					00DF33B82F8988C80034C5DF = {
						CreatedOnToolsVersion = 26.4;
					};
				};
			};
			buildConfigurationList = 00DF33942F8988A20034C5DF /* Build configuration list for PBXProject "HighlightedEditorView" */;
			developmentRegion = en;
			hasScannedForEncodings = 0;
			knownRegions = (
				en,
				Base,
			);
			mainGroup = 00DF33902F8988A20034C5DF;
			minimizedProjectReferenceProxies = 1;
			preferredProjectObjectVersion = 77;
			productRefGroup = 00DF339B2F8988A20034C5DF /* Products */;
			projectDirPath = "";
			projectRoot = "";
			targets = (
				00DF33992F8988A20034C5DF /* HighlightedEditorView */,
				00DF33A42F8988A20034C5DF /* HighlightedEditorViewTests */,
				00DF33B82F8988C80034C5DF /* WebCpp */,
			);
		};
/* End PBXProject section */

/* Begin PBXResourcesBuildPhase section */
		00DF33982F8988A20034C5DF /* Resources */ = {
			isa = PBXResourcesBuildPhase;
			buildActionMask = 2147483647;
			files = (
			);
			runOnlyForDeploymentPostprocessing = 0;
		};
		00DF33A32F8988A20034C5DF /* Resources */ = {
			isa = PBXResourcesBuildPhase;
			buildActionMask = 2147483647;
			files = (
			);
			runOnlyForDeploymentPostprocessing = 0;
		};
		00DF33B72F8988C80034C5DF /* Resources */ = {
			isa = PBXResourcesBuildPhase;
			buildActionMask = 2147483647;
			files = (
			);
			runOnlyForDeploymentPostprocessing = 0;
		};
/* End PBXResourcesBuildPhase section */

/* Begin PBXSourcesBuildPhase section */
		00DF33962F8988A20034C5DF /* Sources */ = {
			isa = PBXSourcesBuildPhase;
			buildActionMask = 2147483647;
			files = (
			);
			runOnlyForDeploymentPostprocessing = 0;
		};
		00DF33A12F8988A20034C5DF /* Sources */ = {
			isa = PBXSourcesBuildPhase;
			buildActionMask = 2147483647;
			files = (
			);
			runOnlyForDeploymentPostprocessing = 0;
		};
		00DF33B52F8988C80034C5DF /* Sources */ = {
			isa = PBXSourcesBuildPhase;
			buildActionMask = 2147483647;
			files = (
			);
			runOnlyForDeploymentPostprocessing = 0;
		};
/* End PBXSourcesBuildPhase section */

/* Begin PBXTargetDependency section */
		000702062F898F7600EB33EA /* PBXTargetDependency */ = {
			isa = PBXTargetDependency;
			target = 00DF33B82F8988C80034C5DF /* WebCpp */;
			targetProxy = 000702052F898F7600EB33EA /* PBXContainerItemProxy */;
		};
		00DF33A82F8988A20034C5DF /* PBXTargetDependency */ = {
			isa = PBXTargetDependency;
			target = 00DF33992F8988A20034C5DF /* HighlightedEditorView */;
			targetProxy = 00DF33A72F8988A20034C5DF /* PBXContainerItemProxy */;
		};
/* End PBXTargetDependency section */

/* Begin XCBuildConfiguration section */
		00DF33AC2F8988A20034C5DF /* Debug */ = {
			isa = XCBuildConfiguration;
			buildSettings = {
				ALWAYS_SEARCH_USER_PATHS = NO;
				ASSETCATALOG_COMPILER_GENERATE_SWIFT_ASSET_SYMBOL_EXTENSIONS = YES;
				CLANG_ANALYZER_NONNULL = YES;
				CLANG_ANALYZER_NUMBER_OBJECT_CONVERSION = YES_AGGRESSIVE;
				CLANG_CXX_LANGUAGE_STANDARD = "c++23";
				CLANG_ENABLE_MODULES = YES;
				CLANG_ENABLE_OBJC_ARC = YES;
				CLANG_ENABLE_OBJC_WEAK = YES;
				CLANG_WARN_BLOCK_CAPTURE_AUTORELEASING = YES;
				CLANG_WARN_BOOL_CONVERSION = YES;
				CLANG_WARN_COMMA = YES;
				CLANG_WARN_CONSTANT_CONVERSION = YES;
				CLANG_WARN_DEPRECATED_OBJC_IMPLEMENTATIONS = YES;
				CLANG_WARN_DIRECT_OBJC_ISA_USAGE = YES_ERROR;
				CLANG_WARN_DOCUMENTATION_COMMENTS = YES;
				CLANG_WARN_EMPTY_BODY = YES;
				CLANG_WARN_ENUM_CONVERSION = YES;
				CLANG_WARN_INFINITE_RECURSION = YES;
				CLANG_WARN_INT_CONVERSION = YES;
				CLANG_WARN_NON_LITERAL_NULL_CONVERSION = YES;
				CLANG_WARN_OBJC_IMPLICIT_RETAIN_SELF = YES;
				CLANG_WARN_OBJC_LITERAL_CONVERSION = YES;
				CLANG_WARN_OBJC_ROOT_CLASS = YES_ERROR;
				CLANG_WARN_QUOTED_INCLUDE_IN_FRAMEWORK_HEADER = YES;
				CLANG_WARN_RANGE_LOOP_ANALYSIS = YES;
				CLANG_WARN_STRICT_PROTOTYPES = YES;
				CLANG_WARN_SUSPICIOUS_MOVE = YES;
				CLANG_WARN_UNGUARDED_AVAILABILITY = YES_AGGRESSIVE;
				CLANG_WARN_UNREACHABLE_CODE = YES;
				CLANG_WARN__DUPLICATE_METHOD_MATCH = YES;
				COPY_PHASE_STRIP = NO;
				CURRENT_PROJECT_VERSION = 1;
				DEBUG_INFORMATION_FORMAT = dwarf;
				DEVELOPMENT_TEAM = 6XKLFA63LP;
				ENABLE_STRICT_OBJC_MSGSEND = YES;
				ENABLE_TESTABILITY = YES;
				ENABLE_USER_SCRIPT_SANDBOXING = YES;
				GCC_C_LANGUAGE_STANDARD = gnu17;
				GCC_DYNAMIC_NO_PIC = NO;
				GCC_NO_COMMON_BLOCKS = YES;
				GCC_OPTIMIZATION_LEVEL = 0;
				GCC_PREPROCESSOR_DEFINITIONS = (
					"DEBUG=1",
					"$(inherited)",
				);
				GCC_WARN_64_TO_32_BIT_CONVERSION = YES;
				GCC_WARN_ABOUT_RETURN_TYPE = YES_ERROR;
				GCC_WARN_UNDECLARED_SELECTOR = YES;
				GCC_WARN_UNINITIALIZED_AUTOS = YES_AGGRESSIVE;
				GCC_WARN_UNUSED_FUNCTION = YES;
				GCC_WARN_UNUSED_VARIABLE = YES;
				LOCALIZATION_PREFERS_STRING_CATALOGS = YES;
				MACOSX_DEPLOYMENT_TARGET = 26.4;
				MTL_ENABLE_DEBUG_INFO = INCLUDE_SOURCE;
				MTL_FAST_MATH = YES;
				ONLY_ACTIVE_ARCH = YES;
				SDKROOT = macosx;
				SWIFT_ACTIVE_COMPILATION_CONDITIONS = "DEBUG $(inherited)";
				SWIFT_OPTIMIZATION_LEVEL = "-Onone";
				VERSIONING_SYSTEM = "apple-generic";
				VERSION_INFO_PREFIX = "";
			};
			name = Debug;
		};
		00DF33AD2F8988A20034C5DF /* Release */ = {
			isa = XCBuildConfiguration;
			buildSettings = {
				ALWAYS_SEARCH_USER_PATHS = NO;
				ASSETCATALOG_COMPILER_GENERATE_SWIFT_ASSET_SYMBOL_EXTENSIONS = YES;
				CLANG_ANALYZER_NONNULL = YES;
				CLANG_ANALYZER_NUMBER_OBJECT_CONVERSION = YES_AGGRESSIVE;
				CLANG_CXX_LANGUAGE_STANDARD = "c++23";
				CLANG_ENABLE_MODULES = YES;
				CLANG_ENABLE_OBJC_ARC = YES;
				CLANG_ENABLE_OBJC_WEAK = YES;
				CLANG_WARN_BLOCK_CAPTURE_AUTORELEASING = YES;
				CLANG_WARN_BOOL_CONVERSION = YES;
				CLANG_WARN_COMMA = YES;
				CLANG_WARN_CONSTANT_CONVERSION = YES;
				CLANG_WARN_DEPRECATED_OBJC_IMPLEMENTATIONS = YES;
				CLANG_WARN_DIRECT_OBJC_ISA_USAGE = YES_ERROR;
				CLANG_WARN_DOCUMENTATION_COMMENTS = YES;
				CLANG_WARN_EMPTY_BODY = YES;
				CLANG_WARN_ENUM_CONVERSION = YES;
				CLANG_WARN_INFINITE_RECURSION = YES;
				CLANG_WARN_INT_CONVERSION = YES;
				CLANG_WARN_NON_LITERAL_NULL_CONVERSION = YES;
				CLANG_WARN_OBJC_IMPLICIT_RETAIN_SELF = YES;
				CLANG_WARN_OBJC_LITERAL_CONVERSION = YES;
				CLANG_WARN_OBJC_ROOT_CLASS = YES_ERROR;
				CLANG_WARN_QUOTED_INCLUDE_IN_FRAMEWORK_HEADER = YES;
				CLANG_WARN_RANGE_LOOP_ANALYSIS = YES;
				CLANG_WARN_STRICT_PROTOTYPES = YES;
				CLANG_WARN_SUSPICIOUS_MOVE = YES;
				CLANG_WARN_UNGUARDED_AVAILABILITY = YES_AGGRESSIVE;
				CLANG_WARN_UNREACHABLE_CODE = YES;
				CLANG_WARN__DUPLICATE_METHOD_MATCH = YES;
				COPY_PHASE_STRIP = NO;
				CURRENT_PROJECT_VERSION = 1;
				DEBUG_INFORMATION_FORMAT = "dwarf-with-dsym";
				DEVELOPMENT_TEAM = 6XKLFA63LP;
				ENABLE_NS_ASSERTIONS = NO;
				ENABLE_STRICT_OBJC_MSGSEND = YES;
				ENABLE_USER_SCRIPT_SANDBOXING = YES;
				GCC_C_LANGUAGE_STANDARD = gnu17;
				GCC_NO_COMMON_BLOCKS = YES;
				GCC_WARN_64_TO_32_BIT_CONVERSION = YES;
				GCC_WARN_ABOUT_RETURN_TYPE = YES_ERROR;
				GCC_WARN_UNDECLARED_SELECTOR = YES;
				GCC_WARN_UNINITIALIZED_AUTOS = YES_AGGRESSIVE;
				GCC_WARN_UNUSED_FUNCTION = YES;
				GCC_WARN_UNUSED_VARIABLE = YES;
				LOCALIZATION_PREFERS_STRING_CATALOGS = YES;
				MACOSX_DEPLOYMENT_TARGET = 26.4;
				MTL_ENABLE_DEBUG_INFO = NO;
				MTL_FAST_MATH = YES;
				SDKROOT = macosx;
				SWIFT_COMPILATION_MODE = wholemodule;
				VERSIONING_SYSTEM = "apple-generic";
				VERSION_INFO_PREFIX = "";
			};
			name = Release;
		};
		00DF33AF2F8988A20034C5DF /* Debug */ = {
			isa = XCBuildConfiguration;
			buildSettings = {
				BUILD_LIBRARY_FOR_DISTRIBUTION = YES;
				CODE_SIGN_STYLE = Automatic;
				COMBINE_HIDPI_IMAGES = YES;
				CURRENT_PROJECT_VERSION = 1;
				DEVELOPMENT_TEAM = 6XKLFA63LP;
				DYLIB_COMPATIBILITY_VERSION = 1;
				DYLIB_CURRENT_VERSION = 1;
				DYLIB_INSTALL_NAME_BASE = "@rpath";
				ENABLE_MODULE_VERIFIER = YES;
				GENERATE_INFOPLIST_FILE = YES;
				INFOPLIST_KEY_NSHumanReadableCopyright = "";
				INSTALL_PATH = "$(LOCAL_LIBRARY_DIR)/Frameworks";
				LD_RUNPATH_SEARCH_PATHS = (
					"$(inherited)",
					"@executable_path/../Frameworks",
					"@loader_path/Frameworks",
				);
				MACOSX_DEPLOYMENT_TARGET = 15.5;
				MARKETING_VERSION = 1.0;
				MODULE_VERIFIER_SUPPORTED_LANGUAGES = "objective-c objective-c++";
				MODULE_VERIFIER_SUPPORTED_LANGUAGE_STANDARDS = "gnu17 gnu++20";
				PRODUCT_BUNDLE_IDENTIFIER = com.JeffreyBakker.HighlightedEditorView;
				PRODUCT_NAME = "$(TARGET_NAME:c99extidentifier)";
				SKIP_INSTALL = YES;
				STRING_CATALOG_GENERATE_SYMBOLS = YES;
				SWIFT_APPROACHABLE_CONCURRENCY = YES;
				SWIFT_EMIT_LOC_STRINGS = YES;
				SWIFT_INSTALL_MODULE = YES;
				SWIFT_INSTALL_OBJC_HEADER = NO;
				SWIFT_UPCOMING_FEATURE_MEMBER_IMPORT_VISIBILITY = YES;
				SWIFT_VERSION = 5.0;
			};
			name = Debug;
		};
		00DF33B02F8988A20034C5DF /* Release */ = {
			isa = XCBuildConfiguration;
			buildSettings = {
				BUILD_LIBRARY_FOR_DISTRIBUTION = YES;
				CODE_SIGN_STYLE = Automatic;
				COMBINE_HIDPI_IMAGES = YES;
				CURRENT_PROJECT_VERSION = 1;
				DEVELOPMENT_TEAM = 6XKLFA63LP;
				DYLIB_COMPATIBILITY_VERSION = 1;
				DYLIB_CURRENT_VERSION = 1;
				DYLIB_INSTALL_NAME_BASE = "@rpath";
				ENABLE_MODULE_VERIFIER = YES;
				GENERATE_INFOPLIST_FILE = YES;
				INFOPLIST_KEY_NSHumanReadableCopyright = "";
				INSTALL_PATH = "$(LOCAL_LIBRARY_DIR)/Frameworks";
				LD_RUNPATH_SEARCH_PATHS = (
					"$(inherited)",
					"@executable_path/../Frameworks",
					"@loader_path/Frameworks",
				);
				MACOSX_DEPLOYMENT_TARGET = 15.5;
				MARKETING_VERSION = 1.0;
				MODULE_VERIFIER_SUPPORTED_LANGUAGES = "objective-c objective-c++";
				MODULE_VERIFIER_SUPPORTED_LANGUAGE_STANDARDS = "gnu17 gnu++20";
				PRODUCT_BUNDLE_IDENTIFIER = com.JeffreyBakker.HighlightedEditorView;
				PRODUCT_NAME = "$(TARGET_NAME:c99extidentifier)";
				SKIP_INSTALL = YES;
				STRING_CATALOG_GENERATE_SYMBOLS = YES;
				SWIFT_APPROACHABLE_CONCURRENCY = YES;
				SWIFT_EMIT_LOC_STRINGS = YES;
				SWIFT_INSTALL_MODULE = YES;
				SWIFT_INSTALL_OBJC_HEADER = NO;
				SWIFT_UPCOMING_FEATURE_MEMBER_IMPORT_VISIBILITY = YES;
				SWIFT_VERSION = 5.0;
			};
			name = Release;
		};
		00DF33B22F8988A20034C5DF /* Debug */ = {
			isa = XCBuildConfiguration;
			buildSettings = {
				CODE_SIGN_STYLE = Automatic;
				CURRENT_PROJECT_VERSION = 1;
				DEVELOPMENT_TEAM = 6XKLFA63LP;
				GENERATE_INFOPLIST_FILE = YES;
				MACOSX_DEPLOYMENT_TARGET = 15.5;
				MARKETING_VERSION = 1.0;
				PRODUCT_BUNDLE_IDENTIFIER = com.JeffreyBakker.HighlightedEditorViewTests;
				PRODUCT_NAME = "$(TARGET_NAME)";
				STRING_CATALOG_GENERATE_SYMBOLS = NO;
				SWIFT_APPROACHABLE_CONCURRENCY = YES;
				SWIFT_EMIT_LOC_STRINGS = NO;
				SWIFT_UPCOMING_FEATURE_MEMBER_IMPORT_VISIBILITY = YES;
				SWIFT_VERSION = 5.0;
			};
			name = Debug;
		};
		00DF33B32F8988A20034C5DF /* Release */ = {
			isa = XCBuildConfiguration;
			buildSettings = {
				CODE_SIGN_STYLE = Automatic;
				CURRENT_PROJECT_VERSION = 1;
				DEVELOPMENT_TEAM = 6XKLFA63LP;
				GENERATE_INFOPLIST_FILE = YES;
				MACOSX_DEPLOYMENT_TARGET = 15.5;
				MARKETING_VERSION = 1.0;
				PRODUCT_BUNDLE_IDENTIFIER = com.JeffreyBakker.HighlightedEditorViewTests;
				PRODUCT_NAME = "$(TARGET_NAME)";
				STRING_CATALOG_GENERATE_SYMBOLS = NO;
				SWIFT_APPROACHABLE_CONCURRENCY = YES;
				SWIFT_EMIT_LOC_STRINGS = NO;
				SWIFT_UPCOMING_FEATURE_MEMBER_IMPORT_VISIBILITY = YES;
				SWIFT_VERSION = 5.0;
			};
			name = Release;
		};
		00DF33C12F8988C80034C5DF /* Debug */ = {
			isa = XCBuildConfiguration;
			buildSettings = {
				CODE_SIGN_STYLE = Automatic;
				COMBINE_HIDPI_IMAGES = YES;
				CURRENT_PROJECT_VERSION = 1;
				DEFINES_MODULE = YES;
				DEVELOPMENT_TEAM = 6XKLFA63LP;
				DYLIB_COMPATIBILITY_VERSION = 1;
				DYLIB_CURRENT_VERSION = 1;
				DYLIB_INSTALL_NAME_BASE = "@rpath";
				ENABLE_MODULE_VERIFIER = YES;
				GENERATE_INFOPLIST_FILE = YES;
				HEADER_SEARCH_PATHS = (
					"$(SRCROOT)/WebCpp",
					"$(SRCROOT)/WebCpp/include",
					"$(SRCROOT)/WebCpp/colour",
					"$(SRCROOT)/WebCpp/interop",
					"$(SRCROOT)/WebCpp/languages",
					"$(SRCROOT)/WebCpp/parsing",
					"$(SRCROOT)/WebCpp/utils",
				);
				INFOPLIST_KEY_NSHumanReadableCopyright = "";
				INSTALL_PATH = "$(LOCAL_LIBRARY_DIR)/Frameworks";
				LD_RUNPATH_SEARCH_PATHS = (
					"$(inherited)",
					"@executable_path/../Frameworks",
					"@loader_path/Frameworks",
				);
				MACOSX_DEPLOYMENT_TARGET = 15.5;
				MARKETING_VERSION = 1.0;
				MODULEMAP_FILE = "$(SRCROOT)/WebCpp/include/WebCpp.modulemap";
				MODULE_VERIFIER_SUPPORTED_LANGUAGES = "objective-c objective-c++";
				MODULE_VERIFIER_SUPPORTED_LANGUAGE_STANDARDS = "gnu17 gnu++20";
				PRODUCT_BUNDLE_IDENTIFIER = com.JeffreyBakker.WebCpp;
				PRODUCT_NAME = "$(TARGET_NAME:c99extidentifier)";
				SKIP_INSTALL = YES;
				STRING_CATALOG_GENERATE_SYMBOLS = YES;
				SWIFT_EMIT_LOC_STRINGS = YES;
			};
			name = Debug;
		};
		00DF33C22F8988C80034C5DF /* Release */ = {
			isa = XCBuildConfiguration;
			buildSettings = {
				CODE_SIGN_STYLE = Automatic;
				COMBINE_HIDPI_IMAGES = YES;
				CURRENT_PROJECT_VERSION = 1;
				DEFINES_MODULE = YES;
				DEVELOPMENT_TEAM = 6XKLFA63LP;
				DYLIB_COMPATIBILITY_VERSION = 1;
				DYLIB_CURRENT_VERSION = 1;
				DYLIB_INSTALL_NAME_BASE = "@rpath";
				ENABLE_MODULE_VERIFIER = YES;
				GENERATE_INFOPLIST_FILE = YES;
				HEADER_SEARCH_PATHS = (
					"$(SRCROOT)/WebCpp",
					"$(SRCROOT)/WebCpp/include",
					"$(SRCROOT)/WebCpp/colour",
					"$(SRCROOT)/WebCpp/interop",
					"$(SRCROOT)/WebCpp/languages",
					"$(SRCROOT)/WebCpp/parsing",
					"$(SRCROOT)/WebCpp/utils",
				);
				INFOPLIST_KEY_NSHumanReadableCopyright = "";
				INSTALL_PATH = "$(LOCAL_LIBRARY_DIR)/Frameworks";
				LD_RUNPATH_SEARCH_PATHS = (
					"$(inherited)",
					"@executable_path/../Frameworks",
					"@loader_path/Frameworks",
				);
				MACOSX_DEPLOYMENT_TARGET = 15.5;
				MARKETING_VERSION = 1.0;
				MODULEMAP_FILE = "$(SRCROOT)/WebCpp/include/WebCpp.modulemap";
				MODULE_VERIFIER_SUPPORTED_LANGUAGES = "objective-c objective-c++";
				MODULE_VERIFIER_SUPPORTED_LANGUAGE_STANDARDS = "gnu17 gnu++20";
				PRODUCT_BUNDLE_IDENTIFIER = com.JeffreyBakker.WebCpp;
				PRODUCT_NAME = "$(TARGET_NAME:c99extidentifier)";
				SKIP_INSTALL = YES;
				STRING_CATALOG_GENERATE_SYMBOLS = YES;
				SWIFT_EMIT_LOC_STRINGS = YES;
			};
			name = Release;
		};
/* End XCBuildConfiguration section */

/* Begin XCConfigurationList section */
		00DF33942F8988A20034C5DF /* Build configuration list for PBXProject "HighlightedEditorView" */ = {
			isa = XCConfigurationList;
			buildConfigurations = (
				00DF33AC2F8988A20034C5DF /* Debug */,
				00DF33AD2F8988A20034C5DF /* Release */,
			);
			defaultConfigurationIsVisible = 0;
			defaultConfigurationName = Release;
		};
		00DF33AE2F8988A20034C5DF /* Build configuration list for PBXNativeTarget "HighlightedEditorView" */ = {
			isa = XCConfigurationList;
			buildConfigurations = (
				00DF33AF2F8988A20034C5DF /* Debug */,
				00DF33B02F8988A20034C5DF /* Release */,
			);
			defaultConfigurationIsVisible = 0;
			defaultConfigurationName = Release;
		};
		00DF33B12F8988A20034C5DF /* Build configuration list for PBXNativeTarget "HighlightedEditorViewTests" */ = {
			isa = XCConfigurationList;
			buildConfigurations = (
				00DF33B22F8988A20034C5DF /* Debug */,
				00DF33B32F8988A20034C5DF /* Release */,
			);
			defaultConfigurationIsVisible = 0;
			defaultConfigurationName = Release;
		};
		00DF33C02F8988C80034C5DF /* Build configuration list for PBXNativeTarget "WebCpp" */ = {
			isa = XCConfigurationList;
			buildConfigurations = (
				00DF33C12F8988C80034C5DF /* Debug */,
				00DF33C22F8988C80034C5DF /* Release */,
			);
			defaultConfigurationIsVisible = 0;
			defaultConfigurationName = Release;
		};
/* End XCConfigurationList section */
	};
	rootObject = 00DF33912F8988A20034C5DF /* Project object */;
}
